
Microsoft Visual Studio Solution File, Format Version 12.00
# Visual Studio 15
VisualStudioVersion = 15.0.27703.2042
MinimumVisualStudioVersion = 10.0.40219.1
Project("{FAE04EC0-301F-11D3-BF4B-00C04F79EFBC}") = "SignalR", "SignalR\SignalR.csproj", "{D4D43341-ED18-4531-A508-C8664D0C7FF3}"
EndProject
Global
	GlobalSection(SolutionConfigurationPlatforms) = preSolution
		Debug|Any CPU = Debug|Any CPU
		Release|Any CPU = Release|Any CPU
	EndGlobalSection
	GlobalSection(ProjectConfigurationPlatforms) = postSolution
		{D4D43341-ED18-4531-A508-C8664D0C7FF3}.Debug|Any CPU.ActiveCfg = Debug|Any CPU
		{D4D43341-ED18-4531-A508-C8664D0C7FF3}.Debug|Any CPU.Build.0 = Debug|Any CPU
		{D4D43341-ED18-4531-A508-C8664D0C7FF3}.Release|Any CPU.ActiveCfg = Release|Any CPU
		{D4D43341-ED18-4531-A508-C8664D0C7FF3}.Release|Any CPU.Build.0 = Release|Any CPU
	EndGlobalSection
	GlobalSection(SolutionProperties) = preSolution
		HideSolutionNode = FALSE
	EndGlobalSection
	GlobalSection(ExtensibilityGlobals) = postSolution
		SolutionGuid = {E6C14EF0-4808-4F02-9211-15E4101C20E4}
	EndGlobalSection
EndGlobal
